
Microsoft Visual Studio Solution File, Format Version 12.00
# Visual Studio Version 17
VisualStudioVersion = 17.0.32014.148
MinimumVisualStudioVersion = 10.0.40219.1
Project("{9A19103F-16F7-4668-BE54-9A1E7A4F7556}") = "OpenTelemetryLog", "OpenTelemetryLog\OpenTelemetryLog.csproj", "{DA3DB688-5F5A-4F51-9C00-63BB1A24BDC7}"
EndProject
Project("{9A19103F-16F7-4668-BE54-9A1E7A4F7556}") = "OpenTelemetryMetric", "OpenTelemetryMetric\OpenTelemetryMetric.csproj", "{79237AB0-F48A-49C0-AA59-F153C272C2B3}"
EndProject
Project("{9A19103F-16F7-4668-BE54-9A1E7A4F7556}") = "OpenTelemetryTrace", "OpenTelemetryTrace\OpenTelemetryTrace.csproj", "{46E73B3C-DAC1-4DDB-BC5D-66ABCA148B33}"
EndProject
Global
	GlobalSection(SolutionConfigurationPlatforms) = preSolution
		Debug|Any CPU = Debug|Any CPU
		Release|Any CPU = Release|Any CPU
	EndGlobalSection
	GlobalSection(ProjectConfigurationPlatforms) = postSolution
		{DA3DB688-5F5A-4F51-9C00-63BB1A24BDC7}.Debug|Any CPU.ActiveCfg = Debug|Any CPU
		{DA3DB688-5F5A-4F51-9C00-63BB1A24BDC7}.Debug|Any CPU.Build.0 = Debug|Any CPU
		{DA3DB688-5F5A-4F51-9C00-63BB1A24BDC7}.Release|Any CPU.ActiveCfg = Release|Any CPU
		{DA3DB688-5F5A-4F51-9C00-63BB1A24BDC7}.Release|Any CPU.Build.0 = Release|Any CPU
		{79237AB0-F48A-49C0-AA59-F153C272C2B3}.Debug|Any CPU.ActiveCfg = Debug|Any CPU
		{79237AB0-F48A-49C0-AA59-F153C272C2B3}.Debug|Any CPU.Build.0 = Debug|Any CPU
		{79237AB0-F48A-49C0-AA59-F153C272C2B3}.Release|Any CPU.ActiveCfg = Release|Any CPU
		{79237AB0-F48A-49C0-AA59-F153C272C2B3}.Release|Any CPU.Build.0 = Release|Any CPU
		{46E73B3C-DAC1-4DDB-BC5D-66ABCA148B33}.Debug|Any CPU.ActiveCfg = Debug|Any CPU
		{46E73B3C-DAC1-4DDB-BC5D-66ABCA148B33}.Debug|Any CPU.Build.0 = Debug|Any CPU
		{46E73B3C-DAC1-4DDB-BC5D-66ABCA148B33}.Release|Any CPU.ActiveCfg = Release|Any CPU
		{46E73B3C-DAC1-4DDB-BC5D-66ABCA148B33}.Release|Any CPU.Build.0 = Release|Any CPU
	EndGlobalSection
	GlobalSection(SolutionProperties) = preSolution
		HideSolutionNode = FALSE
	EndGlobalSection
	GlobalSection(ExtensibilityGlobals) = postSolution
		SolutionGuid = {116154E7-BF26-4F88-80E7-F226A8E3D220}
	EndGlobalSection
EndGlobal
